
Microsoft Visual Studio Solution File, Format Version 12.00
# Visual Studio Version 17
VisualStudioVersion = 17.4.33213.308
MinimumVisualStudioVersion = 10.0.40219.1
Project("{8BC9CEB8-8B4A-11D0-8D11-00A0C91BC942}") = "Task01", "Task01\Task01.vcxproj", "{5CB1D190-8590-429D-94B8-065BFF12307C}"
EndProject
Project("{8BC9CEB8-8B4A-11D0-8D11-00A0C91BC942}") = "Task 02", "Task 02\Task 02.vcxproj", "{6FC2C8EB-4C3B-49C8-9E63-CAC1560DF349}"
EndProject
Project("{8BC9CEB8-8B4A-11D0-8D11-00A0C91BC942}") = "Task03", "Task03\Task03.vcxproj", "{23FEF751-C759-48A9-9BF3-941867952335}"
EndProject
Global
	GlobalSection(SolutionConfigurationPlatforms) = preSolution
		Debug|x64 = Debug|x64
		Debug|x86 = Debug|x86
		Release|x64 = Release|x64
		Release|x86 = Release|x86
	EndGlobalSection
	GlobalSection(ProjectConfigurationPlatforms) = postSolution
		{5CB1D190-8590-429D-94B8-065BFF12307C}.Debug|x64.ActiveCfg = Debug|x64
		{5CB1D190-8590-429D-94B8-065BFF12307C}.Debug|x64.Build.0 = Debug|x64
		{5CB1D190-8590-429D-94B8-065BFF12307C}.Debug|x86.ActiveCfg = Debug|Win32
		{5CB1D190-8590-429D-94B8-065BFF12307C}.Debug|x86.Build.0 = Debug|Win32
		{5CB1D190-8590-429D-94B8-065BFF12307C}.Release|x64.ActiveCfg = Release|x64
		{5CB1D190-8590-429D-94B8-065BFF12307C}.Release|x64.Build.0 = Release|x64
		{5CB1D190-8590-429D-94B8-065BFF12307C}.Release|x86.ActiveCfg = Release|Win32
		{5CB1D190-8590-429D-94B8-065BFF12307C}.Release|x86.Build.0 = Release|Win32
		{6FC2C8EB-4C3B-49C8-9E63-CAC1560DF349}.Debug|x64.ActiveCfg = Debug|x64
		{6FC2C8EB-4C3B-49C8-9E63-CAC1560DF349}.Debug|x64.Build.0 = Debug|x64
		{6FC2C8EB-4C3B-49C8-9E63-CAC1560DF349}.Debug|x86.ActiveCfg = Debug|Win32
		{6FC2C8EB-4C3B-49C8-9E63-CAC1560DF349}.Debug|x86.Build.0 = Debug|Win32
		{6FC2C8EB-4C3B-49C8-9E63-CAC1560DF349}.Release|x64.ActiveCfg = Release|x64
		{6FC2C8EB-4C3B-49C8-9E63-CAC1560DF349}.Release|x64.Build.0 = Release|x64
		{6FC2C8EB-4C3B-49C8-9E63-CAC1560DF349}.Release|x86.ActiveCfg = Release|Win32
		{6FC2C8EB-4C3B-49C8-9E63-CAC1560DF349}.Release|x86.Build.0 = Release|Win32
		{23FEF751-C759-48A9-9BF3-941867952335}.Debug|x64.ActiveCfg = Debug|x64
		{23FEF751-C759-48A9-9BF3-941867952335}.Debug|x64.Build.0 = Debug|x64
		{23FEF751-C759-48A9-9BF3-941867952335}.Debug|x86.ActiveCfg = Debug|Win32
		{23FEF751-C759-48A9-9BF3-941867952335}.Debug|x86.Build.0 = Debug|Win32
		{23FEF751-C759-48A9-9BF3-941867952335}.Release|x64.ActiveCfg = Release|x64
		{23FEF751-C759-48A9-9BF3-941867952335}.Release|x64.Build.0 = Release|x64
		{23FEF751-C759-48A9-9BF3-941867952335}.Release|x86.ActiveCfg = Release|Win32
		{23FEF751-C759-48A9-9BF3-941867952335}.Release|x86.Build.0 = Release|Win32
	EndGlobalSection
	GlobalSection(SolutionProperties) = preSolution
		HideSolutionNode = FALSE
	EndGlobalSection
	GlobalSection(ExtensibilityGlobals) = postSolution
		SolutionGuid = {0BD04B9F-9AB1-4C2A-96EC-BD483424495C}
	EndGlobalSection
EndGlobal
